PODS:
  - Alamofire (5.3.0)
  - GRDB.swift (4.14.0):
    - GRDB.swift/standard (= 4.14.0)
  - GRDB.swift/standard (4.14.0)
  - LeanCloud (17.6.1):
    - LeanCloud/RTM (= 17.6.1)
  - LeanCloud/Foundation (17.6.1):
    - Alamofire (~> 5.2)
  - LeanCloud/RTM (17.6.1):
    - GRDB.swift (~> 4.14)
    - LeanCloud/Foundation (= 17.6.1)
    - SwiftProtobuf (~> 1.12)
  - SwiftProtobuf (1.12.0)

DEPENDENCIES:
  - LeanCloud (= 17.6.1)

SPEC REPOS:
  trunk:
    - Alamofire
    - GRDB.swift
    - LeanCloud
    - SwiftProtobuf

SPEC CHECKSUMS:
  Alamofire: 2c792affbdc2f18016e08fdbcacd60aebe1ba593
  GRDB.swift: 8cc3ab7c8b8b4ac1761deb8dca4b51c1c9d429f8
  LeanCloud: 8efbaea16263795c667b804082a204ac89565140
  SwiftProtobuf: 4ef85479c18ca85b5482b343df9c319c62bda699

PODFILE CHECKSUM: 06669b8ad1f4c8d69398272cae0ef8b7347ad859

COCOAPODS: 1.9.3
