PODS:
  - AFNetworking (3.1.0):
    - AFNetworking/NSURLSession (= 3.1.0)
    - AFNetworking/Reachability (= 3.1.0)
    - AFNetworking/Security (= 3.1.0)
    - AFNetworking/Serialization (= 3.1.0)
    - AFNetworking/UIKit (= 3.1.0)
  - AFNetworking/NSURLSession (3.1.0):
    - AFNetworking/Reachability
    - AFNetworking/Security
    - AFNetworking/Serialization
  - AFNetworking/Reachability (3.1.0)
  - AFNetworking/Security (3.1.0)
  - AFNetworking/Serialization (3.1.0)
  - AFNetworking/UIKit (3.1.0):
    - AFNetworking/NSURLSession
  - AVOSCloud (7.3.4)
  - AVOSCloudIM (7.3.4):
    - AVOSCloud (= 7.3.4)
    - AVOSCloudIM/_ARC (= 7.3.4)
    - AVOSCloudIM/_NOARC (= 7.3.4)
  - AVOSCloudIM/_ARC (7.3.4):
    - AVOSCloud (= 7.3.4)
    - AVOSCloudIM/_NOARC (= 7.3.4)
  - AVOSCloudIM/_NOARC (7.3.4):
    - AVOSCloud (= 7.3.4)
  - AVOSCloudLiveQuery (7.3.4):
    - AVOSCloud (= 7.3.4)
    - AVOSCloudIM (= 7.3.4)
  - LeanCloudSocial (1.0.2):
    - AVOSCloud

DEPENDENCIES:
  - AFNetworking (~> 3.1.0)
  - AVOSCloud (= 7.3.4)
  - AVOSCloudIM (= 7.3.4)
  - AVOSCloudLiveQuery (= 7.3.4)
  - LeanCloudSocial (~> 1.0.2)

SPEC REPOS:
  https://github.com/CocoaPods/Specs.git:
    - AFNetworking
    - AVOSCloud
    - AVOSCloudIM
    - AVOSCloudLiveQuery
    - LeanCloudSocial

SPEC CHECKSUMS:
  AFNetworking: 5e0e199f73d8626b11e79750991f5d173d1f8b67
  AVOSCloud: 47051abc65788eb794d3e2521ef188527cb14dc8
  AVOSCloudIM: b8ab1636f1ee15f0296a516600eb53e2f9308ca7
  AVOSCloudLiveQuery: 997741efe1fceddf868ff65b252b5de533969a76
  LeanCloudSocial: 18728bcff7cc05779bd46a725b56e61f80ee1b5f

PODFILE CHECKSUM: 0c5fffc4b27ac924bf9bacea8adab3185788eb43

COCOAPODS: 1.5.0
